
Microsoft Visual Studio Solution File, Format Version 12.00
# Visual Studio Version 17
VisualStudioVersion = 17.2.32526.322
MinimumVisualStudioVersion = 10.0.40219.1
Project("{9A19103F-16F7-4668-BE54-9A1E7A4F7556}") = "PointsOfInterestByGps", "PointsOfInterestByGps\PointsOfInterestByGps.csproj", "{214C9B32-4F7D-46B7-B1C6-08CC99761A3C}"
EndProject
Project("{FAE04EC0-301F-11D3-BF4B-00C04F79EFBC}") = "PointOfInterestByGpsUnitTests", "PointOfInterestByGpsUnitTests\PointOfInterestByGpsUnitTests.csproj", "{69C6DBF1-8BB0-4849-B53E-FE2F9E74DC2A}"
EndProject
Global
	GlobalSection(SolutionConfigurationPlatforms) = preSolution
		Debug|Any CPU = Debug|Any CPU
		Release|Any CPU = Release|Any CPU
	EndGlobalSection
	GlobalSection(ProjectConfigurationPlatforms) = postSolution
		{214C9B32-4F7D-46B7-B1C6-08CC99761A3C}.Debug|Any CPU.ActiveCfg = Debug|Any CPU
		{214C9B32-4F7D-46B7-B1C6-08CC99761A3C}.Debug|Any CPU.Build.0 = Debug|Any CPU
		{214C9B32-4F7D-46B7-B1C6-08CC99761A3C}.Release|Any CPU.ActiveCfg = Release|Any CPU
		{214C9B32-4F7D-46B7-B1C6-08CC99761A3C}.Release|Any CPU.Build.0 = Release|Any CPU
		{69C6DBF1-8BB0-4849-B53E-FE2F9E74DC2A}.Debug|Any CPU.ActiveCfg = Debug|Any CPU
		{69C6DBF1-8BB0-4849-B53E-FE2F9E74DC2A}.Debug|Any CPU.Build.0 = Debug|Any CPU
		{69C6DBF1-8BB0-4849-B53E-FE2F9E74DC2A}.Release|Any CPU.ActiveCfg = Release|Any CPU
		{69C6DBF1-8BB0-4849-B53E-FE2F9E74DC2A}.Release|Any CPU.Build.0 = Release|Any CPU
	EndGlobalSection
	GlobalSection(SolutionProperties) = preSolution
		HideSolutionNode = FALSE
	EndGlobalSection
	GlobalSection(ExtensibilityGlobals) = postSolution
		SolutionGuid = {66AEA7D8-07C8-4D97-8A4B-D675E7D9098C}
	EndGlobalSection
EndGlobal
